// !$*UTF8*$!
{
	archiveVersion = 1;
	classes = {
	};
	objectVersion = 46;
	objects = {

/* Begin PBXBuildFile section */
		325C71E71D87B8320094081F /* main.m in Sources */ = {isa = PBXBuildFile; fileRef = 325C71E61D87B8320094081F /* main.m */; };
		325C71EA1D87B8320094081F /* AppDelegate.m in Sources */ = {isa = PBXBuildFile; fileRef = 325C71E91D87B8320094081F /* AppDelegate.m */; };
		325C71ED1D87B8320094081F /* ViewController.m in Sources */ = {isa = PBXBuildFile; fileRef = 325C71EC1D87B8320094081F /* ViewController.m */; };
		325C71F01D87B8320094081F /* Main.storyboard in Resources */ = {isa = PBXBuildFile; fileRef = 325C71EE1D87B8320094081F /* Main.storyboard */; };
		325C71F21D87B8320094081F /* Assets.xcassets in Resources */ = {isa = PBXBuildFile; fileRef = 325C71F11D87B8320094081F /* Assets.xcassets */; };
		325C71F51D87B8320094081F /* LaunchScreen.storyboard in Resources */ = {isa = PBXBuildFile; fileRef = 325C71F31D87B8320094081F /* LaunchScreen.storyboard */; };
		325C72001D87B8330094081F /* kwColourMixingTests.m in Sources */ = {isa = PBXBuildFile; fileRef = 325C71FF1D87B8330094081F /* kwColourMixingTests.m */; };
		325C720B1D87B8330094081F /* kwColourMixingUITests.m in Sources */ = {isa = PBXBuildFile; fileRef = 325C720A1D87B8330094081F /* kwColourMixingUITests.m */; };
/* End PBXBuildFile section */

/* Begin PBXContainerItemProxy section */
		325C71FC1D87B8330094081F /* PBXContainerItemProxy */ = {
			isa = PBXContainerItemProxy;
			containerPortal = 325C71DA1D87B8320094081F /* Project object */;
			proxyType = 1;
			remoteGlobalIDString = 325C71E11D87B8320094081F;
			remoteInfo = kwColourMixing;
		};
		325C72071D87B8330094081F /* PBXContainerItemProxy */ = {
			isa = PBXContainerItemProxy;
			containerPortal = 325C71DA1D87B8320094081F /* Project object */;
			proxyType = 1;
			remoteGlobalIDString = 325C71E11D87B8320094081F;
			remoteInfo = kwColourMixing;
		};
/* End PBXContainerItemProxy section */

/* Begin PBXFileReference section */
		325C71E21D87B8320094081F /* kwColourMixing.app */ = {isa = PBXFileReference; explicitFileType = wrapper.application; includeInIndex = 0; path = kwColourMixing.app; sourceTree = BUILT_PRODUCTS_DIR; };
		325C71E61D87B8320094081F /* main.m */ = {isa = PBXFileReference; lastKnownFileType = sourcecode.c.objc; path = main.m; sourceTree = "<group>"; };
		325C71E81D87B8320094081F /* AppDelegate.h */ = {isa = PBXFileReference; lastKnownFileType = sourcecode.c.h; path = AppDelegate.h; sourceTree = "<group>"; };
		325C71E91D87B8320094081F /* AppDelegate.m */ = {isa = PBXFileReference; lastKnownFileType = sourcecode.c.objc; path = AppDelegate.m; sourceTree = "<group>"; };
		325C71EB1D87B8320094081F /* ViewController.h */ = {isa = PBXFileReference; lastKnownFileType = sourcecode.c.h; path = ViewController.h; sourceTree = "<group>"; };
		325C71EC1D87B8320094081F /* ViewController.m */ = {isa = PBXFileReference; lastKnownFileType = sourcecode.c.objc; path = ViewController.m; sourceTree = "<group>"; };
		325C71EF1D87B8320094081F /* Base */ = {isa = PBXFileReference; lastKnownFileType = file.storyboard; name = Base; path = Base.lproj/Main.storyboard; sourceTree = "<group>"; };
		325C71F11D87B8320094081F /* Assets.xcassets */ = {isa = PBXFileReference; lastKnownFileType = folder.assetcatalog; path = Assets.xcassets; sourceTree = "<group>"; };
		325C71F41D87B8320094081F /* Base */ = {isa = PBXFileReference; lastKnownFileType = file.storyboard; name = Base; path = Base.lproj/LaunchScreen.storyboard; sourceTree = "<group>"; };
		325C71F61D87B8320094081F /* Info.plist */ = {isa = PBXFileReference; lastKnownFileType = text.plist.xml; path = Info.plist; sourceTree = "<group>"; };
		325C71FB1D87B8330094081F /* kwColourMixingTests.xctest */ = {isa = PBXFileReference; explicitFileType = wrapper.cfbundle; includeInIndex = 0; path = kwColourMixingTests.xctest; sourceTree = BUILT_PRODUCTS_DIR; };
		325C71FF1D87B8330094081F /* kwColourMixingTests.m */ = {isa = PBXFileReference; lastKnownFileType = sourcecode.c.objc; path = kwColourMixingTests.m; sourceTree = "<group>"; };
		325C72011D87B8330094081F /* Info.plist */ = {isa = PBXFileReference; lastKnownFileType = text.plist.xml; path = Info.plist; sourceTree = "<group>"; };
		325C72061D87B8330094081F /* kwColourMixingUITests.xctest */ = {isa = PBXFileReference; explicitFileType = wrapper.cfbundle; includeInIndex = 0; path = kwColourMixingUITests.xctest; sourceTree = BUILT_PRODUCTS_DIR; };
		325C720A1D87B8330094081F /* kwColourMixingUITests.m */ = {isa = PBXFileReference; lastKnownFileType = sourcecode.c.objc; path = kwColourMixingUITests.m; sourceTree = "<group>"; };
		325C720C1D87B8330094081F /* Info.plist */ = {isa = PBXFileReference; lastKnownFileType = text.plist.xml; path = Info.plist; sourceTree = "<group>"; };
/* End PBXFileReference section */

/* Begin PBXFrameworksBuildPhase section */
		325C71DF1D87B8320094081F /* Frameworks */ = {
			isa = PBXFrameworksBuildPhase;
			buildActionMask = 2147483647;
			files = (
			);
			runOnlyForDeploymentPostprocessing = 0;
		};
		325C71F81D87B8330094081F /* Frameworks */ = {
			isa = PBXFrameworksBuildPhase;
			buildActionMask = 2147483647;
			files = (
			);
			runOnlyForDeploymentPostprocessing = 0;
		};
		325C72031D87B8330094081F /* Frameworks */ = {
			isa = PBXFrameworksBuildPhase;
			buildActionMask = 2147483647;
			files = (
			);
			runOnlyForDeploymentPostprocessing = 0;
		};
/* End PBXFrameworksBuildPhase section */

/* Begin PBXGroup section */
		325C71D91D87B8320094081F = {
			isa = PBXGroup;
			children = (
				325C71E41D87B8320094081F /* kwColourMixing */,
				325C71FE1D87B8330094081F /* kwColourMixingTests */,
				325C72091D87B8330094081F /* kwColourMixingUITests */,
				325C71E31D87B8320094081F /* Products */,
			);
			sourceTree = "<group>";
		};
		325C71E31D87B8320094081F /* Products */ = {
			isa = PBXGroup;
			children = (
				325C71E21D87B8320094081F /* kwColourMixing.app */,
				325C71FB1D87B8330094081F /* kwColourMixingTests.xctest */,
				325C72061D87B8330094081F /* kwColourMixingUITests.xctest */,
			);
			name = Products;
			sourceTree = "<group>";
		};
		325C71E41D87B8320094081F /* kwColourMixing */ = {
			isa = PBXGroup;
			children = (
				325C71E81D87B8320094081F /* AppDelegate.h */,
				325C71E91D87B8320094081F /* AppDelegate.m */,
				325C71EB1D87B8320094081F /* ViewController.h */,
				325C71EC1D87B8320094081F /* ViewController.m */,
				325C71EE1D87B8320094081F /* Main.storyboard */,
				325C71F11D87B8320094081F /* Assets.xcassets */,
				325C71F31D87B8320094081F /* LaunchScreen.storyboard */,
				325C71F61D87B8320094081F /* Info.plist */,
				325C71E51D87B8320094081F /* Supporting Files */,
			);
			path = kwColourMixing;
			sourceTree = "<group>";
		};
		325C71E51D87B8320094081F /* Supporting Files */ = {
			isa = PBXGroup;
			children = (
				325C71E61D87B8320094081F /* main.m */,
			);
			name = "Supporting Files";
			sourceTree = "<group>";
		};
		325C71FE1D87B8330094081F /* kwColourMixingTests */ = {
			isa = PBXGroup;
			children = (
				325C71FF1D87B8330094081F /* kwColourMixingTests.m */,
				325C72011D87B8330094081F /* Info.plist */,
			);
			path = kwColourMixingTests;
			sourceTree = "<group>";
		};
		325C72091D87B8330094081F /* kwColourMixingUITests */ = {
			isa = PBXGroup;
			children = (
				325C720A1D87B8330094081F /* kwColourMixingUITests.m */,
				325C720C1D87B8330094081F /* Info.plist */,
			);
			path = kwColourMixingUITests;
			sourceTree = "<group>";
		};
/* End PBXGroup section */

/* Begin PBXNativeTarget section */
		325C71E11D87B8320094081F /* kwColourMixing */ = {
			isa = PBXNativeTarget;
			buildConfigurationList = 325C720F1D87B8330094081F /* Build configuration list for PBXNativeTarget "kwColourMixing" */;
			buildPhases = (
				325C71DE1D87B8320094081F /* Sources */,
				325C71DF1D87B8320094081F /* Frameworks */,
				325C71E01D87B8320094081F /* Resources */,
			);
			buildRules = (
			);
			dependencies = (
			);
			name = kwColourMixing;
			productName = kwColourMixing;
			productReference = 325C71E21D87B8320094081F /* kwColourMixing.app */;
			productType = "com.apple.product-type.application";
		};
		325C71FA1D87B8330094081F /* kwColourMixingTests */ = {
			isa = PBXNativeTarget;
			buildConfigurationList = 325C72121D87B8330094081F /* Build configuration list for PBXNativeTarget "kwColourMixingTests" */;
			buildPhases = (
				325C71F71D87B8330094081F /* Sources */,
				325C71F81D87B8330094081F /* Frameworks */,
				325C71F91D87B8330094081F /* Resources */,
			);
			buildRules = (
			);
			dependencies = (
				325C71FD1D87B8330094081F /* PBXTargetDependency */,
			);
			name = kwColourMixingTests;
			productName = kwColourMixingTests;
			productReference = 325C71FB1D87B8330094081F /* kwColourMixingTests.xctest */;
			productType = "com.apple.product-type.bundle.unit-test";
		};
		325C72051D87B8330094081F /* kwColourMixingUITests */ = {
			isa = PBXNativeTarget;
			buildConfigurationList = 325C72151D87B8330094081F /* Build configuration list for PBXNativeTarget "kwColourMixingUITests" */;
			buildPhases = (
				325C72021D87B8330094081F /* Sources */,
				325C72031D87B8330094081F /* Frameworks */,
				325C72041D87B8330094081F /* Resources */,
			);
			buildRules = (
			);
			dependencies = (
				325C72081D87B8330094081F /* PBXTargetDependency */,
			);
			name = kwColourMixingUITests;
			productName = kwColourMixingUITests;
			productReference = 325C72061D87B8330094081F /* kwColourMixingUITests.xctest */;
			productType = "com.apple.product-type.bundle.ui-testing";
		};
/* End PBXNativeTarget section */

/* Begin PBXProject section */
		325C71DA1D87B8320094081F /* Project object */ = {
			isa = PBXProject;
			attributes = {
				LastUpgradeCheck = 0730;
				ORGANIZATIONNAME = "Kalyani Warke";
				TargetAttributes = {
					325C71E11D87B8320094081F = {
						CreatedOnToolsVersion = 7.3.1;
					};
					325C71FA1D87B8330094081F = {
						CreatedOnToolsVersion = 7.3.1;
						TestTargetID = 325C71E11D87B8320094081F;
					};
					325C72051D87B8330094081F = {
						CreatedOnToolsVersion = 7.3.1;
						TestTargetID = 325C71E11D87B8320094081F;
					};
				};
			};
			buildConfigurationList = 325C71DD1D87B8320094081F /* Build configuration list for PBXProject "kwColourMixing" */;
			compatibilityVersion = "Xcode 3.2";
			developmentRegion = English;
			hasScannedForEncodings = 0;
			knownRegions = (
				en,
				Base,
			);
			mainGroup = 325C71D91D87B8320094081F;
			productRefGroup = 325C71E31D87B8320094081F /* Products */;
			projectDirPath = "";
			projectRoot = "";
			targets = (
				325C71E11D87B8320094081F /* kwColourMixing */,
				325C71FA1D87B8330094081F /* kwColourMixingTests */,
				325C72051D87B8330094081F /* kwColourMixingUITests */,
			);
		};
/* End PBXProject section */

/* Begin PBXResourcesBuildPhase section */
		325C71E01D87B8320094081F /* Resources */ = {
			isa = PBXResourcesBuildPhase;
			buildActionMask = 2147483647;
			files = (
				325C71F51D87B8320094081F /* LaunchScreen.storyboard in Resources */,
				325C71F21D87B8320094081F /* Assets.xcassets in Resources */,
				325C71F01D87B8320094081F /* Main.storyboard in Resources */,
			);
			runOnlyForDeploymentPostprocessing = 0;
		};
		325C71F91D87B8330094081F /* Resources */ = {
			isa = PBXResourcesBuildPhase;
			buildActionMask = 2147483647;
			files = (
			);
			runOnlyForDeploymentPostprocessing = 0;
		};
		325C72041D87B8330094081F /* Resources */ = {
			isa = PBXResourcesBuildPhase;
			buildActionMask = 2147483647;
			files = (
			);
			runOnlyForDeploymentPostprocessing = 0;
		};
/* End PBXResourcesBuildPhase section */

/* Begin PBXSourcesBuildPhase section */
		325C71DE1D87B8320094081F /* Sources */ = {
			isa = PBXSourcesBuildPhase;
			buildActionMask = 2147483647;
			files = (
				325C71ED1D87B8320094081F /* ViewController.m in Sources */,
				325C71EA1D87B8320094081F /* AppDelegate.m in Sources */,
				325C71E71D87B8320094081F /* main.m in Sources */,
			);
			runOnlyForDeploymentPostprocessing = 0;
		};
		325C71F71D87B8330094081F /* Sources */ = {
			isa = PBXSourcesBuildPhase;
			buildActionMask = 2147483647;
			files = (
				325C72001D87B8330094081F /* kwColourMixingTests.m in Sources */,
			);
			runOnlyForDeploymentPostprocessing = 0;
		};
		325C72021D87B8330094081F /* Sources */ = {
			isa = PBXSourcesBuildPhase;
			buildActionMask = 2147483647;
			files = (
				325C720B1D87B8330094081F /* kwColourMixingUITests.m in Sources */,
			);
			runOnlyForDeploymentPostprocessing = 0;
		};
/* End PBXSourcesBuildPhase section */

/* Begin PBXTargetDependency section */
		325C71FD1D87B8330094081F /* PBXTargetDependency */ = {
			isa = PBXTargetDependency;
			target = 325C71E11D87B8320094081F /* kwColourMixing */;
			targetProxy = 325C71FC1D87B8330094081F /* PBXContainerItemProxy */;
		};
		325C72081D87B8330094081F /* PBXTargetDependency */ = {
			isa = PBXTargetDependency;
			target = 325C71E11D87B8320094081F /* kwColourMixing */;
			targetProxy = 325C72071D87B8330094081F /* PBXContainerItemProxy */;
		};
/* End PBXTargetDependency section */

/* Begin PBXVariantGroup section */
		325C71EE1D87B8320094081F /* Main.storyboard */ = {
			isa = PBXVariantGroup;
			children = (
				325C71EF1D87B8320094081F /* Base */,
			);
			name = Main.storyboard;
			sourceTree = "<group>";
		};
		325C71F31D87B8320094081F /* LaunchScreen.storyboard */ = {
			isa = PBXVariantGroup;
			children = (
				325C71F41D87B8320094081F /* Base */,
			);
			name = LaunchScreen.storyboard;
			sourceTree = "<group>";
		};
/* End PBXVariantGroup section */

/* Begin XCBuildConfiguration section */
		325C720D1D87B8330094081F /* Debug */ = {
			isa = XCBuildConfiguration;
			buildSettings = {
				ALWAYS_SEARCH_USER_PATHS = NO;
				CLANG_ANALYZER_NONNULL = YES;
				CLANG_CXX_LANGUAGE_STANDARD = "gnu++0x";
				CLANG_CXX_LIBRARY = "libc++";
				CLANG_ENABLE_MODULES = YES;
				CLANG_ENABLE_OBJC_ARC = YES;
				CLANG_WARN_BOOL_CONVERSION = YES;
				CLANG_WARN_CONSTANT_CONVERSION = YES;
				CLANG_WARN_DIRECT_OBJC_ISA_USAGE = YES_ERROR;
				CLANG_WARN_EMPTY_BODY = YES;
				CLANG_WARN_ENUM_CONVERSION = YES;
				CLANG_WARN_INT_CONVERSION = YES;
				CLANG_WARN_OBJC_ROOT_CLASS = YES_ERROR;
				CLANG_WARN_UNREACHABLE_CODE = YES;
				CLANG_WARN__DUPLICATE_METHOD_MATCH = YES;
				"CODE_SIGN_IDENTITY[sdk=iphoneos*]" = "iPhone Developer";
				COPY_PHASE_STRIP = NO;
				DEBUG_INFORMATION_FORMAT = dwarf;
				ENABLE_STRICT_OBJC_MSGSEND = YES;
				ENABLE_TESTABILITY = YES;
				GCC_C_LANGUAGE_STANDARD = gnu99;
				GCC_DYNAMIC_NO_PIC = NO;
				GCC_NO_COMMON_BLOCKS = YES;
				GCC_OPTIMIZATION_LEVEL = 0;
				GCC_PREPROCESSOR_DEFINITIONS = (
					"DEBUG=1",
					"$(inherited)",
				);
				GCC_WARN_64_TO_32_BIT_CONVERSION = YES;
				GCC_WARN_ABOUT_RETURN_TYPE = YES_ERROR;
				GCC_WARN_UNDECLARED_SELECTOR = YES;
				GCC_WARN_UNINITIALIZED_AUTOS = YES_AGGRESSIVE;
				GCC_WARN_UNUSED_FUNCTION = YES;
				GCC_WARN_UNUSED_VARIABLE = YES;
				IPHONEOS_DEPLOYMENT_TARGET = 9.3;
				MTL_ENABLE_DEBUG_INFO = YES;
				ONLY_ACTIVE_ARCH = YES;
				SDKROOT = iphoneos;
				TARGETED_DEVICE_FAMILY = "1,2";
			};
			name = Debug;
		};
		325C720E1D87B8330094081F /* Release */ = {
			isa = XCBuildConfiguration;
			buildSettings = {
				ALWAYS_SEARCH_USER_PATHS = NO;
				CLANG_ANALYZER_NONNULL = YES;
				CLANG_CXX_LANGUAGE_STANDARD = "gnu++0x";
				CLANG_CXX_LIBRARY = "libc++";
				CLANG_ENABLE_MODULES = YES;
				CLANG_ENABLE_OBJC_ARC = YES;
				CLANG_WARN_BOOL_CONVERSION = YES;
				CLANG_WARN_CONSTANT_CONVERSION = YES;
				CLANG_WARN_DIRECT_OBJC_ISA_USAGE = YES_ERROR;
				CLANG_WARN_EMPTY_BODY = YES;
				CLANG_WARN_ENUM_CONVERSION = YES;
				CLANG_WARN_INT_CONVERSION = YES;
				CLANG_WARN_OBJC_ROOT_CLASS = YES_ERROR;
				CLANG_WARN_UNREACHABLE_CODE = YES;
				CLANG_WARN__DUPLICATE_METHOD_MATCH = YES;
				"CODE_SIGN_IDENTITY[sdk=iphoneos*]" = "iPhone Developer";
				COPY_PHASE_STRIP = NO;
				DEBUG_INFORMATION_FORMAT = "dwarf-with-dsym";
				ENABLE_NS_ASSERTIONS = NO;
				ENABLE_STRICT_OBJC_MSGSEND = YES;
				GCC_C_LANGUAGE_STANDARD = gnu99;
				GCC_NO_COMMON_BLOCKS = YES;
				GCC_WARN_64_TO_32_BIT_CONVERSION = YES;
				GCC_WARN_ABOUT_RETURN_TYPE = YES_ERROR;
				GCC_WARN_UNDECLARED_SELECTOR = YES;
				GCC_WARN_UNINITIALIZED_AUTOS = YES_AGGRESSIVE;
				GCC_WARN_UNUSED_FUNCTION = YES;
				GCC_WARN_UNUSED_VARIABLE = YES;
				IPHONEOS_DEPLOYMENT_TARGET = 9.3;
				MTL_ENABLE_DEBUG_INFO = NO;
				SDKROOT = iphoneos;
				TARGETED_DEVICE_FAMILY = "1,2";
				VALIDATE_PRODUCT = YES;
			};
			name = Release;
		};
		325C72101D87B8330094081F /* Debug */ = {
			isa = XCBuildConfiguration;
			buildSettings = {
				ASSETCATALOG_COMPILER_APPICON_NAME = AppIcon;
				INFOPLIST_FILE = kwColourMixing/Info.plist;
				LD_RUNPATH_SEARCH_PATHS = "$(inherited) @executable_path/Frameworks";
				PRODUCT_BUNDLE_IDENTIFIER = com.kalyani.kwColourMixing;
				PRODUCT_NAME = "$(TARGET_NAME)";
			};
			name = Debug;
		};
		325C72111D87B8330094081F /* Release */ = {
			isa = XCBuildConfiguration;
			buildSettings = {
				ASSETCATALOG_COMPILER_APPICON_NAME = AppIcon;
				INFOPLIST_FILE = kwColourMixing/Info.plist;
				LD_RUNPATH_SEARCH_PATHS = "$(inherited) @executable_path/Frameworks";
				PRODUCT_BUNDLE_IDENTIFIER = com.kalyani.kwColourMixing;
				PRODUCT_NAME = "$(TARGET_NAME)";
			};
			name = Release;
		};
		325C72131D87B8330094081F /* Debug */ = {
			isa = XCBuildConfiguration;
			buildSettings = {
				BUNDLE_LOADER = "$(TEST_HOST)";
				INFOPLIST_FILE = kwColourMixingTests/Info.plist;
				LD_RUNPATH_SEARCH_PATHS = "$(inherited) @executable_path/Frameworks @loader_path/Frameworks";
				PRODUCT_BUNDLE_IDENTIFIER = com.kalyani.kwColourMixingTests;
				PRODUCT_NAME = "$(TARGET_NAME)";
				TEST_HOST = "$(BUILT_PRODUCTS_DIR)/kwColourMixing.app/kwColourMixing";
			};
			name = Debug;
		};
		325C72141D87B8330094081F /* Release */ = {
			isa = XCBuildConfiguration;
			buildSettings = {
				BUNDLE_LOADER = "$(TEST_HOST)";
				INFOPLIST_FILE = kwColourMixingTests/Info.plist;
				LD_RUNPATH_SEARCH_PATHS = "$(inherited) @executable_path/Frameworks @loader_path/Frameworks";
				PRODUCT_BUNDLE_IDENTIFIER = com.kalyani.kwColourMixingTests;
				PRODUCT_NAME = "$(TARGET_NAME)";
				TEST_HOST = "$(BUILT_PRODUCTS_DIR)/kwColourMixing.app/kwColourMixing";
			};
			name = Release;
		};
		325C72161D87B8330094081F /* Debug */ = {
			isa = XCBuildConfiguration;
			buildSettings = {
				INFOPLIST_FILE = kwColourMixingUITests/Info.plist;
				LD_RUNPATH_SEARCH_PATHS = "$(inherited) @executable_path/Frameworks @loader_path/Frameworks";
				PRODUCT_BUNDLE_IDENTIFIER = com.kalyani.kwColourMixingUITests;
				PRODUCT_NAME = "$(TARGET_NAME)";
				TEST_TARGET_NAME = kwColourMixing;
			};
			name = Debug;
		};
		325C72171D87B8330094081F /* Release */ = {
			isa = XCBuildConfiguration;
			buildSettings = {
				INFOPLIST_FILE = kwColourMixingUITests/Info.plist;
				LD_RUNPATH_SEARCH_PATHS = "$(inherited) @executable_path/Frameworks @loader_path/Frameworks";
				PRODUCT_BUNDLE_IDENTIFIER = com.kalyani.kwColourMixingUITests;
				PRODUCT_NAME = "$(TARGET_NAME)";
				TEST_TARGET_NAME = kwColourMixing;
			};
			name = Release;
		};
/* End XCBuildConfiguration section */

/* Begin XCConfigurationList section */
		325C71DD1D87B8320094081F /* Build configuration list for PBXProject "kwColourMixing" */ = {
			isa = XCConfigurationList;
			buildConfigurations = (
				325C720D1D87B8330094081F /* Debug */,
				325C720E1D87B8330094081F /* Release */,
			);
			defaultConfigurationIsVisible = 0;
			defaultConfigurationName = Release;
		};
		325C720F1D87B8330094081F /* Build configuration list for PBXNativeTarget "kwColourMixing" */ = {
			isa = XCConfigurationList;
			buildConfigurations = (
				325C72101D87B8330094081F /* Debug */,
				325C72111D87B8330094081F /* Release */,
			);
			defaultConfigurationIsVisible = 0;
		};
		325C72121D87B8330094081F /* Build configuration list for PBXNativeTarget "kwColourMixingTests" */ = {
			isa = XCConfigurationList;
			buildConfigurations = (
				325C72131D87B8330094081F /* Debug */,
				325C72141D87B8330094081F /* Release */,
			);
			defaultConfigurationIsVisible = 0;
		};
		325C72151D87B8330094081F /* Build configuration list for PBXNativeTarget "kwColourMixingUITests" */ = {
			isa = XCConfigurationList;
			buildConfigurations = (
				325C72161D87B8330094081F /* Debug */,
				325C72171D87B8330094081F /* Release */,
			);
			defaultConfigurationIsVisible = 0;
		};
/* End XCConfigurationList section */
	};
	rootObject = 325C71DA1D87B8320094081F /* Project object */;
}
